<?xml version="1.0" encoding="utf-8"?>
<Project ToolsVersion="4.0" xmlns="http://schemas.microsoft.com/developer/msbuild/2003">
  <ItemGroup>
    <Filter Include="Source Files">
      <UniqueIdentifier>{4FC737F1-C7A5-4376-A066-2A32D752A2FF}</UniqueIdentifier>
      <Extensions>cpp;c;cc;cxx;c++;cppm;ixx;def;odl;idl;hpj;bat;asm;asmx</Extensions>
    </Filter>
    <Filter Include="Header Files">
      <UniqueIdentifier>{93995380-89BD-4b04-88EB-625FBE52EBFB}</UniqueIdentifier>
      <Extensions>h;hh;hpp;hxx;h++;hm;inl;inc;ipp;xsd</Extensions>
    </Filter>
    <Filter Include="Resource Files">
      <UniqueIdentifier>{67DA6AB6-F800-4c08-8B7A-83BB121AAD01}</UniqueIdentifier>
      <Extensions>rc;ico;cur;bmp;dlg;rc2;rct;bin;rgs;gif;jpg;jpeg;jpe;resx;tiff;tif;png;wav;mfcribbon-ms</Extensions>
    </Filter>
    <Filter Include="Header Files\Field">
      <UniqueIdentifier>{fd1c0d31-f7f5-4575-ba88-39c337a457fd}</UniqueIdentifier>
    </Filter>
    <Filter Include="Source Files\Field">
      <UniqueIdentifier>{e1fd08e3-da3f-4639-95d8-161992e4756b}</UniqueIdentifier>
    </Filter>
    <Filter Include="Header Files\Field\Object">
      <UniqueIdentifier>{92281bf8-a254-450f-a2b6-4830dc4a6944}</UniqueIdentifier>
    </Filter>
    <Filter Include="Header Files\Field\Object\Bot">
      <UniqueIdentifier>{05c0e027-8efa-4a40-aae8-8773debfc0c5}</UniqueIdentifier>
    </Filter>
    <Filter Include="Header Files\ImGUI">
      <UniqueIdentifier>{897e3822-e370-47ca-9911-335ae4490ed9}</UniqueIdentifier>
    </Filter>
    <Filter Include="Source Files\ImGUI">
      <UniqueIdentifier>{bf31720a-72a5-4661-9184-79369492f415}</UniqueIdentifier>
    </Filter>
    <Filter Include="Source Files\Glad">
      <UniqueIdentifier>{26e32647-b41f-445a-877c-4af47e7d7034}</UniqueIdentifier>
    </Filter>
  </ItemGroup>
  <ItemGroup>
    <ClCompile Include="Main.cpp">
      <Filter>Source Files</Filter>
    </ClCompile>
    <ClCompile Include="ImGUI\imgui.cpp">
      <Filter>Source Files\ImGUI</Filter>
    </ClCompile>
    <ClCompile Include="ImGUI\imgui_demo.cpp">
      <Filter>Source Files\ImGUI</Filter>
    </ClCompile>
    <ClCompile Include="ImGUI\imgui_draw.cpp">
      <Filter>Source Files\ImGUI</Filter>
    </ClCompile>
    <ClCompile Include="ImGUI\imgui_tables.cpp">
      <Filter>Source Files\ImGUI</Filter>
    </ClCompile>
    <ClCompile Include="ImGUI\imgui_widgets.cpp">
      <Filter>Source Files\ImGUI</Filter>
    </ClCompile>
    <ClCompile Include="imgui_sdl.cpp">
      <Filter>Source Files\ImGUI</Filter>
    </ClCompile>
    <ClCompile Include="glad\src\glad.c">
      <Filter>Source Files\Glad</Filter>
    </ClCompile>
  </ItemGroup>
  <ItemGroup>
    <ClInclude Include="Main.h">
      <Filter>Header Files</Filter>
    </ClInclude>
    <ClInclude Include="Field\Field.h">
      <Filter>Header Files\Field</Filter>
    </ClInclude>
    <ClInclude Include="MyTypes.h">
      <Filter>Header Files</Filter>
    </ClInclude>
    <ClInclude Include="Settings.h">
      <Filter>Header Files</Filter>
    </ClInclude>
    <ClInclude Include="Field\Object\Object.h">
      <Filter>Header Files\Field\Object</Filter>
    </ClInclude>
    <ClInclude Include="Field\Object\Bot\Bot.h">
      <Filter>Header Files\Field\Object\Bot</Filter>
    </ClInclude>
    <ClInclude Include="ImGUI\imstb_rectpack.h">
      <Filter>Header Files\ImGUI</Filter>
    </ClInclude>
    <ClInclude Include="ImGUI\imstb_textedit.h">
      <Filter>Header Files\ImGUI</Filter>
    </ClInclude>
    <ClInclude Include="ImGUI\imstb_truetype.h">
      <Filter>Header Files\ImGUI</Filter>
    </ClInclude>
    <ClInclude Include="ImGUI\imconfig.h">
      <Filter>Header Files\ImGUI</Filter>
    </ClInclude>
    <ClInclude Include="ImGUI\imgui.h">
      <Filter>Header Files\ImGUI</Filter>
    </ClInclude>
    <ClInclude Include="ImGUI\imgui_internal.h">
      <Filter>Header Files\ImGUI</Filter>
    </ClInclude>
    <ClInclude Include="Field\Object\Bot\Neurons.h">
      <Filter>Header Files\Field\Object\Bot</Filter>
    </ClInclude>
    <ClInclude Include="resource.h">
      <Filter>Header Files</Filter>
    </ClInclude>
    <ClInclude Include="Field\Object\Bot\Neuron.h">
      <Filter>Header Files\Field\Object\Bot</Filter>
    </ClInclude>
  </ItemGroup>
  <ItemGroup>
    <Text Include="Todo next.txt" />
  </ItemGroup>
  <ItemGroup>
    <ResourceCompile Include="CyberBio3.rc">
      <Filter>Resource Files</Filter>
    </ResourceCompile>
  </ItemGroup>
</Project>